Microsoft Visual Studio Solution File, Format Version 12.00
# Visual Studio Version 17
VisualStudioVersion = 17.5.2.0
MinimumVisualStudioVersion = 10.0.40219.1
Project("{FAE04EC0-301F-11D3-BF4B-00C04F79EFBC}") = "Tickets", "Tickets\Tickets.csproj", "{78E0AD03-2483-AE8F-06CE-9218DDA3F383}"
EndProject
Global
	GlobalSection(SolutionConfigurationPlatforms) = preSolution
		Debug|Any CPU = Debug|Any CPU
		Release|Any CPU = Release|Any CPU
	EndGlobalSection
	GlobalSection(ProjectConfigurationPlatforms) = postSolution
		{78E0AD03-2483-AE8F-06CE-9218DDA3F383}.Debug|Any CPU.ActiveCfg = Debug|Any CPU
		{78E0AD03-2483-AE8F-06CE-9218DDA3F383}.Debug|Any CPU.Build.0 = Debug|Any CPU
		{78E0AD03-2483-AE8F-06CE-9218DDA3F383}.Release|Any CPU.ActiveCfg = Release|Any CPU
		{78E0AD03-2483-AE8F-06CE-9218DDA3F383}.Release|Any CPU.Build.0 = Release|Any CPU
	EndGlobalSection
	GlobalSection(SolutionProperties) = preSolution
		HideSolutionNode = FALSE
	EndGlobalSection
	GlobalSection(ExtensibilityGlobals) = postSolution
		SolutionGuid = {C916F758-7FEE-419E-B10F-9E4D37BFFC14}
	EndGlobalSection
EndGlobal
